
Microsoft Visual Studio Solution File, Format Version 12.00
# Visual Studio Version 16
VisualStudioVersion = 16.0.29728.190
MinimumVisualStudioVersion = 10.0.40219.1
Project("{9A19103F-16F7-4668-BE54-9A1E7A4F7556}") = "Project.Service", "Project.Service\Project.Service.csproj", "{5725F438-D9E0-4CD5-A82B-44FEDF4AD361}"
EndProject
Project("{9A19103F-16F7-4668-BE54-9A1E7A4F7556}") = "Mono_Project_API", "Mono_Project_API\Mono_Project_API.csproj", "{72FFC52D-3CC1-484F-A0F1-8F76373C8CD9}"
	ProjectSection(ProjectDependencies) = postProject
		{5725F438-D9E0-4CD5-A82B-44FEDF4AD361} = {5725F438-D9E0-4CD5-A82B-44FEDF4AD361}
	EndProjectSection
EndProject
Project("{9A19103F-16F7-4668-BE54-9A1E7A4F7556}") = "Project.Repository", "Project.Repository\Project.Repository.csproj", "{1CBC191D-7E67-4060-AA53-57C0242944B5}"
EndProject
Project("{9A19103F-16F7-4668-BE54-9A1E7A4F7556}") = "Project.DAL", "Project.DAL\Project.DAL.csproj", "{01CC8F60-AF49-495B-B531-30941F3A6C94}"
EndProject
Project("{9A19103F-16F7-4668-BE54-9A1E7A4F7556}") = "Project.Model", "Project.Model\Project.Model.csproj", "{2FB28854-6571-49FE-A493-58030354695B}"
	ProjectSection(ProjectDependencies) = postProject
		{0E554859-3B05-486C-99E9-7B30E2B75C1A} = {0E554859-3B05-486C-99E9-7B30E2B75C1A}
	EndProjectSection
EndProject
Project("{9A19103F-16F7-4668-BE54-9A1E7A4F7556}") = "Project.Repository.Common", "Project.Repository.Common\Project.Repository.Common.csproj", "{547C3509-0CCF-4902-B717-14A7D0E390AE}"
	ProjectSection(ProjectDependencies) = postProject
		{2FB28854-6571-49FE-A493-58030354695B} = {2FB28854-6571-49FE-A493-58030354695B}
	EndProjectSection
EndProject
Project("{9A19103F-16F7-4668-BE54-9A1E7A4F7556}") = "Project.Service.Common", "Project.Service.Common\Project.Service.Common.csproj", "{C472364C-C897-44C9-B08E-70B9468586FC}"
EndProject
Project("{9A19103F-16F7-4668-BE54-9A1E7A4F7556}") = "Project.Model.Common", "Project.Model.Common\Project.Model.Common.csproj", "{0E554859-3B05-486C-99E9-7B30E2B75C1A}"
EndProject
Project("{9A19103F-16F7-4668-BE54-9A1E7A4F7556}") = "Project.Common", "Project.Common\Project.Common.csproj", "{A44001E6-8556-4C9B-87C9-1FFC1B963BD9}"
EndProject
Project("{9A19103F-16F7-4668-BE54-9A1E7A4F7556}") = "Project.WebAPI.Tests", "Project.WebAPI.Tests\Project.WebAPI.Tests.csproj", "{181A310F-22F9-4218-AACD-D8F548261ED1}"
EndProject
Project("{FAE04EC0-301F-11D3-BF4B-00C04F79EFBC}") = "Project.Repository.Tests", "Project.Repository.Tests\Project.Repository.Tests.csproj", "{7380FB4F-0C47-4F87-BC7C-58715FA1647A}"
EndProject
Project("{FAE04EC0-301F-11D3-BF4B-00C04F79EFBC}") = "Project.Service.Tests", "Project.Service.Tests\Project.Service.Tests.csproj", "{67FE0886-B535-4118-AD17-BB5C4DA43F01}"
EndProject
Global
	GlobalSection(SolutionConfigurationPlatforms) = preSolution
		Debug|Any CPU = Debug|Any CPU
		Release|Any CPU = Release|Any CPU
	EndGlobalSection
	GlobalSection(ProjectConfigurationPlatforms) = postSolution
		{5725F438-D9E0-4CD5-A82B-44FEDF4AD361}.Debug|Any CPU.ActiveCfg = Debug|Any CPU
		{5725F438-D9E0-4CD5-A82B-44FEDF4AD361}.Debug|Any CPU.Build.0 = Debug|Any CPU
		{5725F438-D9E0-4CD5-A82B-44FEDF4AD361}.Release|Any CPU.ActiveCfg = Release|Any CPU
		{5725F438-D9E0-4CD5-A82B-44FEDF4AD361}.Release|Any CPU.Build.0 = Release|Any CPU
		{72FFC52D-3CC1-484F-A0F1-8F76373C8CD9}.Debug|Any CPU.ActiveCfg = Debug|Any CPU
		{72FFC52D-3CC1-484F-A0F1-8F76373C8CD9}.Debug|Any CPU.Build.0 = Debug|Any CPU
		{72FFC52D-3CC1-484F-A0F1-8F76373C8CD9}.Release|Any CPU.ActiveCfg = Release|Any CPU
		{72FFC52D-3CC1-484F-A0F1-8F76373C8CD9}.Release|Any CPU.Build.0 = Release|Any CPU
		{1CBC191D-7E67-4060-AA53-57C0242944B5}.Debug|Any CPU.ActiveCfg = Debug|Any CPU
		{1CBC191D-7E67-4060-AA53-57C0242944B5}.Debug|Any CPU.Build.0 = Debug|Any CPU
		{1CBC191D-7E67-4060-AA53-57C0242944B5}.Release|Any CPU.ActiveCfg = Release|Any CPU
		{1CBC191D-7E67-4060-AA53-57C0242944B5}.Release|Any CPU.Build.0 = Release|Any CPU
		{01CC8F60-AF49-495B-B531-30941F3A6C94}.Debug|Any CPU.ActiveCfg = Debug|Any CPU
		{01CC8F60-AF49-495B-B531-30941F3A6C94}.Debug|Any CPU.Build.0 = Debug|Any CPU
		{01CC8F60-AF49-495B-B531-30941F3A6C94}.Release|Any CPU.ActiveCfg = Release|Any CPU
		{01CC8F60-AF49-495B-B531-30941F3A6C94}.Release|Any CPU.Build.0 = Release|Any CPU
		{2FB28854-6571-49FE-A493-58030354695B}.Debug|Any CPU.ActiveCfg = Debug|Any CPU
		{2FB28854-6571-49FE-A493-58030354695B}.Debug|Any CPU.Build.0 = Debug|Any CPU
		{2FB28854-6571-49FE-A493-58030354695B}.Release|Any CPU.ActiveCfg = Release|Any CPU
		{2FB28854-6571-49FE-A493-58030354695B}.Release|Any CPU.Build.0 = Release|Any CPU
		{547C3509-0CCF-4902-B717-14A7D0E390AE}.Debug|Any CPU.ActiveCfg = Debug|Any CPU
		{547C3509-0CCF-4902-B717-14A7D0E390AE}.Debug|Any CPU.Build.0 = Debug|Any CPU
		{547C3509-0CCF-4902-B717-14A7D0E390AE}.Release|Any CPU.ActiveCfg = Release|Any CPU
		{547C3509-0CCF-4902-B717-14A7D0E390AE}.Release|Any CPU.Build.0 = Release|Any CPU
		{C472364C-C897-44C9-B08E-70B9468586FC}.Debug|Any CPU.ActiveCfg = Debug|Any CPU
		{C472364C-C897-44C9-B08E-70B9468586FC}.Debug|Any CPU.Build.0 = Debug|Any CPU
		{C472364C-C897-44C9-B08E-70B9468586FC}.Release|Any CPU.ActiveCfg = Release|Any CPU
		{C472364C-C897-44C9-B08E-70B9468586FC}.Release|Any CPU.Build.0 = Release|Any CPU
		{0E554859-3B05-486C-99E9-7B30E2B75C1A}.Debug|Any CPU.ActiveCfg = Debug|Any CPU
		{0E554859-3B05-486C-99E9-7B30E2B75C1A}.Debug|Any CPU.Build.0 = Debug|Any CPU
		{0E554859-3B05-486C-99E9-7B30E2B75C1A}.Release|Any CPU.ActiveCfg = Release|Any CPU
		{0E554859-3B05-486C-99E9-7B30E2B75C1A}.Release|Any CPU.Build.0 = Release|Any CPU
		{A44001E6-8556-4C9B-87C9-1FFC1B963BD9}.Debug|Any CPU.ActiveCfg = Debug|Any CPU
		{A44001E6-8556-4C9B-87C9-1FFC1B963BD9}.Debug|Any CPU.Build.0 = Debug|Any CPU
		{A44001E6-8556-4C9B-87C9-1FFC1B963BD9}.Release|Any CPU.ActiveCfg = Release|Any CPU
		{A44001E6-8556-4C9B-87C9-1FFC1B963BD9}.Release|Any CPU.Build.0 = Release|Any CPU
		{181A310F-22F9-4218-AACD-D8F548261ED1}.Debug|Any CPU.ActiveCfg = Debug|Any CPU
		{181A310F-22F9-4218-AACD-D8F548261ED1}.Debug|Any CPU.Build.0 = Debug|Any CPU
		{181A310F-22F9-4218-AACD-D8F548261ED1}.Release|Any CPU.ActiveCfg = Release|Any CPU
		{181A310F-22F9-4218-AACD-D8F548261ED1}.Release|Any CPU.Build.0 = Release|Any CPU
		{7380FB4F-0C47-4F87-BC7C-58715FA1647A}.Debug|Any CPU.ActiveCfg = Debug|Any CPU
		{7380FB4F-0C47-4F87-BC7C-58715FA1647A}.Debug|Any CPU.Build.0 = Debug|Any CPU
		{7380FB4F-0C47-4F87-BC7C-58715FA1647A}.Release|Any CPU.ActiveCfg = Release|Any CPU
		{7380FB4F-0C47-4F87-BC7C-58715FA1647A}.Release|Any CPU.Build.0 = Release|Any CPU
		{67FE0886-B535-4118-AD17-BB5C4DA43F01}.Debug|Any CPU.ActiveCfg = Debug|Any CPU
		{67FE0886-B535-4118-AD17-BB5C4DA43F01}.Debug|Any CPU.Build.0 = Debug|Any CPU
		{67FE0886-B535-4118-AD17-BB5C4DA43F01}.Release|Any CPU.ActiveCfg = Release|Any CPU
		{67FE0886-B535-4118-AD17-BB5C4DA43F01}.Release|Any CPU.Build.0 = Release|Any CPU
	EndGlobalSection
	GlobalSection(SolutionProperties) = preSolution
		HideSolutionNode = FALSE
	EndGlobalSection
	GlobalSection(ExtensibilityGlobals) = postSolution
		SolutionGuid = {360DA3B6-ABAA-4960-8B00-83D65E809FAF}
	EndGlobalSection
EndGlobal
